
Microsoft Visual Studio Solution File, Format Version 12.00
# Visual Studio Version 17
VisualStudioVersion = 17.9.34607.119
MinimumVisualStudioVersion = 10.0.40219.1
Project("{FAE04EC0-301F-11D3-BF4B-00C04F79EFBC}") = "PrimeiroProjeto", "PrimeiroProjeto\PrimeiroProjeto.csproj", "{E94436D1-0210-473A-B8D1-4291D835F515}"
EndProject
Global
	GlobalSection(SolutionConfigurationPlatforms) = preSolution
		Debug|Any CPU = Debug|Any CPU
		Release|Any CPU = Release|Any CPU
	EndGlobalSection
	GlobalSection(ProjectConfigurationPlatforms) = postSolution
		{E94436D1-0210-473A-B8D1-4291D835F515}.Debug|Any CPU.ActiveCfg = Debug|Any CPU
		{E94436D1-0210-473A-B8D1-4291D835F515}.Debug|Any CPU.Build.0 = Debug|Any CPU
		{E94436D1-0210-473A-B8D1-4291D835F515}.Release|Any CPU.ActiveCfg = Release|Any CPU
		{E94436D1-0210-473A-B8D1-4291D835F515}.Release|Any CPU.Build.0 = Release|Any CPU
	EndGlobalSection
	GlobalSection(SolutionProperties) = preSolution
		HideSolutionNode = FALSE
	EndGlobalSection
	GlobalSection(ExtensibilityGlobals) = postSolution
		SolutionGuid = {DD0B9C54-6D44-43E1-990F-28D8123CC84B}
	EndGlobalSection
EndGlobal
